
Microsoft Visual Studio Solution File, Format Version 12.00
# Visual Studio Version 16
VisualStudioVersion = 16.0.31829.152
MinimumVisualStudioVersion = 10.0.40219.1
Project("{FAE04EC0-301F-11D3-BF4B-00C04F79EFBC}") = "SecureFileUploadExtention", "SecureFileUploadExtention\SecureFileUploadExtention.csproj", "{0DC71060-B6A3-4A76-B11F-8C080D215D0B}"
EndProject
Global
	GlobalSection(SolutionConfigurationPlatforms) = preSolution
		Debug|Any CPU = Debug|Any CPU
		Release|Any CPU = Release|Any CPU
	EndGlobalSection
	GlobalSection(ProjectConfigurationPlatforms) = postSolution
		{0DC71060-B6A3-4A76-B11F-8C080D215D0B}.Debug|Any CPU.ActiveCfg = Debug|Any CPU
		{0DC71060-B6A3-4A76-B11F-8C080D215D0B}.Debug|Any CPU.Build.0 = Debug|Any CPU
		{0DC71060-B6A3-4A76-B11F-8C080D215D0B}.Release|Any CPU.ActiveCfg = Release|Any CPU
		{0DC71060-B6A3-4A76-B11F-8C080D215D0B}.Release|Any CPU.Build.0 = Release|Any CPU
	EndGlobalSection
	GlobalSection(SolutionProperties) = preSolution
		HideSolutionNode = FALSE
	EndGlobalSection
	GlobalSection(ExtensibilityGlobals) = postSolution
		SolutionGuid = {CC079515-26BE-4AAD-BC2A-B596F34531D2}
	EndGlobalSection
EndGlobal
